
Microsoft Visual Studio Solution File, Format Version 12.00
# Visual Studio Version 17
VisualStudioVersion = 17.10.34707.107
MinimumVisualStudioVersion = 10.0.40219.1
Project("{9A19103F-16F7-4668-BE54-9A1E7A4F7556}") = "LicenseManager_12noon", "LicenseManager_12noon\LicenseManager_12noon.csproj", "{5540D3F4-87A3-4969-BBA9-6D5B1F0B2F71}"
EndProject
Project("{9A19103F-16F7-4668-BE54-9A1E7A4F7556}") = "LicenseManager_12noon.UnitTests", "LicenseManager_12noon.UnitTests\LicenseManager_12noon.UnitTests.csproj", "{E9C79755-61A0-4AF8-896A-FB3B6C36EF5B}"
EndProject
Project("{2150E333-8FDC-42A3-9474-1A3956D46DE8}") = "Solution Items", "Solution Items", "{9451FBB5-7840-43F6-A617-2D6744BF3B86}"
	ProjectSection(SolutionItems) = preProject
		Directory.Build.props = Directory.Build.props
		LICENSE = LICENSE
		LicenseManager_12noon.png = LicenseManager_12noon.png
		README.md = README.md
	EndProjectSection
EndProject
Project("{FAE04EC0-301F-11D3-BF4B-00C04F79EFBC}") = "LicenseManager_12noon.Client", "LicenseManager_12noon.Client\LicenseManager_12noon.Client.csproj", "{4B948E4C-874A-4B55-BD5D-9A73DE48079A}"
EndProject
Project("{FAE04EC0-301F-11D3-BF4B-00C04F79EFBC}") = "LicenseManager_ClientExample", "LicenseManager_ClientExample\LicenseManager_ClientExample.csproj", "{9B36CD04-3248-4C4C-A24B-6C86ED63CEA1}"
EndProject
Project("{C7167F0D-BC9F-4E6E-AFE1-012C56B48DB5}") = "LicenseManager_12noon.Package", "LicenseManager_12noon.Package\LicenseManager_12noon.Package.wapproj", "{0F9A597B-B268-411D-8F05-1A6E86139821}"
EndProject
Global
	GlobalSection(SolutionConfigurationPlatforms) = preSolution
		Debug|x64 = Debug|x64
		Release|x64 = Release|x64
	EndGlobalSection
	GlobalSection(ProjectConfigurationPlatforms) = postSolution
		{5540D3F4-87A3-4969-BBA9-6D5B1F0B2F71}.Debug|x64.ActiveCfg = Debug|x64
		{5540D3F4-87A3-4969-BBA9-6D5B1F0B2F71}.Debug|x64.Build.0 = Debug|x64
		{5540D3F4-87A3-4969-BBA9-6D5B1F0B2F71}.Release|x64.ActiveCfg = Release|x64
		{5540D3F4-87A3-4969-BBA9-6D5B1F0B2F71}.Release|x64.Build.0 = Release|x64
		{E9C79755-61A0-4AF8-896A-FB3B6C36EF5B}.Debug|x64.ActiveCfg = Debug|x64
		{E9C79755-61A0-4AF8-896A-FB3B6C36EF5B}.Debug|x64.Build.0 = Debug|x64
		{E9C79755-61A0-4AF8-896A-FB3B6C36EF5B}.Release|x64.ActiveCfg = Release|x64
		{4B948E4C-874A-4B55-BD5D-9A73DE48079A}.Debug|x64.ActiveCfg = Debug|x64
		{4B948E4C-874A-4B55-BD5D-9A73DE48079A}.Debug|x64.Build.0 = Debug|x64
		{4B948E4C-874A-4B55-BD5D-9A73DE48079A}.Release|x64.ActiveCfg = Release|x64
		{4B948E4C-874A-4B55-BD5D-9A73DE48079A}.Release|x64.Build.0 = Release|x64
		{9B36CD04-3248-4C4C-A24B-6C86ED63CEA1}.Debug|x64.ActiveCfg = Debug|x64
		{9B36CD04-3248-4C4C-A24B-6C86ED63CEA1}.Debug|x64.Build.0 = Debug|x64
		{9B36CD04-3248-4C4C-A24B-6C86ED63CEA1}.Release|x64.ActiveCfg = Release|x64
		{9B36CD04-3248-4C4C-A24B-6C86ED63CEA1}.Release|x64.Build.0 = Release|x64
		{0F9A597B-B268-411D-8F05-1A6E86139821}.Debug|x64.ActiveCfg = Debug|x64
		{0F9A597B-B268-411D-8F05-1A6E86139821}.Release|x64.ActiveCfg = Release|x64
		{0F9A597B-B268-411D-8F05-1A6E86139821}.Release|x64.Build.0 = Release|x64
		{0F9A597B-B268-411D-8F05-1A6E86139821}.Release|x64.Deploy.0 = Release|x64
	EndGlobalSection
	GlobalSection(SolutionProperties) = preSolution
		HideSolutionNode = FALSE
	EndGlobalSection
	GlobalSection(ExtensibilityGlobals) = postSolution
		SolutionGuid = {DE2FFF49-A210-413B-BF89-515909A557A5}
	EndGlobalSection
EndGlobal
